
Microsoft Visual Studio Solution File, Format Version 12.00
# Visual Studio 14
VisualStudioVersion = 14.0.25420.1
MinimumVisualStudioVersion = 10.0.40219.1
Project("{FAE04EC0-301F-11D3-BF4B-00C04F79EFBC}") = "COMP123-S2017-FinalExam-300928227", "COMP123-S2017-FinalExam-300928227\COMP123-S2017-FinalExam-300928227.csproj", "{A8313368-6C9B-40EF-8A7F-0B864DF21A19}"
EndProject
Global
	GlobalSection(SolutionConfigurationPlatforms) = preSolution
		Debug|Any CPU = Debug|Any CPU
		Release|Any CPU = Release|Any CPU
	EndGlobalSection
	GlobalSection(ProjectConfigurationPlatforms) = postSolution
		{A8313368-6C9B-40EF-8A7F-0B864DF21A19}.Debug|Any CPU.ActiveCfg = Debug|Any CPU
		{A8313368-6C9B-40EF-8A7F-0B864DF21A19}.Debug|Any CPU.Build.0 = Debug|Any CPU
		{A8313368-6C9B-40EF-8A7F-0B864DF21A19}.Release|Any CPU.ActiveCfg = Release|Any CPU
		{A8313368-6C9B-40EF-8A7F-0B864DF21A19}.Release|Any CPU.Build.0 = Release|Any CPU
	EndGlobalSection
	GlobalSection(SolutionProperties) = preSolution
		HideSolutionNode = FALSE
	EndGlobalSection
EndGlobal
